// !$*UTF8*$!
{
	archiveVersion = 1;
	classes = {
	};
	objectVersion = 50;
	objects = {

/* Begin PBXBuildFile section */
		7B97582422C26E3E00C71334 /* AppDelegate.swift in Sources */ = {isa = PBXBuildFile; fileRef = 7B97582322C26E3E00C71334 /* AppDelegate.swift */; };
		7B97582922C26E3E00C71334 /* Main.storyboard in Resources */ = {isa = PBXBuildFile; fileRef = 7B97582722C26E3E00C71334 /* Main.storyboard */; };
		7B97582C22C26E3E00C71334 /* OliviaDViewfinder.xcdatamodeld in Sources */ = {isa = PBXBuildFile; fileRef = 7B97582A22C26E3E00C71334 /* OliviaDViewfinder.xcdatamodeld */; };
		7B97582E22C26E4000C71334 /* Assets.xcassets in Resources */ = {isa = PBXBuildFile; fileRef = 7B97582D22C26E4000C71334 /* Assets.xcassets */; };
		7B97583122C26E4000C71334 /* LaunchScreen.storyboard in Resources */ = {isa = PBXBuildFile; fileRef = 7B97582F22C26E4000C71334 /* LaunchScreen.storyboard */; };
/* End PBXBuildFile section */

/* Begin PBXFileReference section */
		7B97582022C26E3E00C71334 /* OliviaDViewfinder.app */ = {isa = PBXFileReference; explicitFileType = wrapper.application; includeInIndex = 0; path = OliviaDViewfinder.app; sourceTree = BUILT_PRODUCTS_DIR; };
		7B97582322C26E3E00C71334 /* AppDelegate.swift */ = {isa = PBXFileReference; lastKnownFileType = sourcecode.swift; path = AppDelegate.swift; sourceTree = "<group>"; };
		7B97582822C26E3E00C71334 /* Base */ = {isa = PBXFileReference; lastKnownFileType = file.storyboard; name = Base; path = Base.lproj/Main.storyboard; sourceTree = "<group>"; };
		7B97582B22C26E3E00C71334 /* OliviaDViewfinder.xcdatamodel */ = {isa = PBXFileReference; lastKnownFileType = wrapper.xcdatamodel; path = OliviaDViewfinder.xcdatamodel; sourceTree = "<group>"; };
		7B97582D22C26E4000C71334 /* Assets.xcassets */ = {isa = PBXFileReference; lastKnownFileType = folder.assetcatalog; path = Assets.xcassets; sourceTree = "<group>"; };
		7B97583022C26E4000C71334 /* Base */ = {isa = PBXFileReference; lastKnownFileType = file.storyboard; name = Base; path = Base.lproj/LaunchScreen.storyboard; sourceTree = "<group>"; };
		7B97583222C26E4000C71334 /* Info.plist */ = {isa = PBXFileReference; lastKnownFileType = text.plist.xml; path = Info.plist; sourceTree = "<group>"; };
/* End PBXFileReference section */

/* Begin PBXFrameworksBuildPhase section */
		7B97581D22C26E3E00C71334 /* Frameworks */ = {
			isa = PBXFrameworksBuildPhase;
			buildActionMask = 2147483647;
			files = (
			);
			runOnlyForDeploymentPostprocessing = 0;
		};
/* End PBXFrameworksBuildPhase section */

/* Begin PBXGroup section */
		7B97581722C26E3E00C71334 = {
			isa = PBXGroup;
			children = (
				7B97582222C26E3E00C71334 /* OliviaDViewfinder */,
				7B97582122C26E3E00C71334 /* Products */,
			);
			sourceTree = "<group>";
		};
		7B97582122C26E3E00C71334 /* Products */ = {
			isa = PBXGroup;
			children = (
				7B97582022C26E3E00C71334 /* OliviaDViewfinder.app */,
			);
			name = Products;
			sourceTree = "<group>";
		};
		7B97582222C26E3E00C71334 /* OliviaDViewfinder */ = {
			isa = PBXGroup;
			children = (
				7B97582322C26E3E00C71334 /* AppDelegate.swift */,
				7B97582722C26E3E00C71334 /* Main.storyboard */,
				7B97582D22C26E4000C71334 /* Assets.xcassets */,
				7B97582F22C26E4000C71334 /* LaunchScreen.storyboard */,
				7B97583222C26E4000C71334 /* Info.plist */,
				7B97582A22C26E3E00C71334 /* OliviaDViewfinder.xcdatamodeld */,
			);
			path = OliviaDViewfinder;
			sourceTree = "<group>";
		};
/* End PBXGroup section */

/* Begin PBXNativeTarget section */
		7B97581F22C26E3E00C71334 /* OliviaDViewfinder */ = {
			isa = PBXNativeTarget;
			buildConfigurationList = 7B97583522C26E4000C71334 /* Build configuration list for PBXNativeTarget "OliviaDViewfinder" */;
			buildPhases = (
				7B97581C22C26E3E00C71334 /* Sources */,
				7B97581D22C26E3E00C71334 /* Frameworks */,
				7B97581E22C26E3E00C71334 /* Resources */,
			);
			buildRules = (
			);
			dependencies = (
			);
			name = OliviaDViewfinder;
			productName = OliviaDViewfinder;
			productReference = 7B97582022C26E3E00C71334 /* OliviaDViewfinder.app */;
			productType = "com.apple.product-type.application";
		};
/* End PBXNativeTarget section */

/* Begin PBXProject section */
		7B97581822C26E3E00C71334 /* Project object */ = {
			isa = PBXProject;
			attributes = {
				LastSwiftUpdateCheck = 1020;
				LastUpgradeCheck = 1020;
				ORGANIZATIONNAME = "Olivia Dugger";
				TargetAttributes = {
					7B97581F22C26E3E00C71334 = {
						CreatedOnToolsVersion = 10.2.1;
					};
				};
			};
			buildConfigurationList = 7B97581B22C26E3E00C71334 /* Build configuration list for PBXProject "OliviaDViewfinder" */;
			compatibilityVersion = "Xcode 9.3";
			developmentRegion = en;
			hasScannedForEncodings = 0;
			knownRegions = (
				en,
				Base,
			);
			mainGroup = 7B97581722C26E3E00C71334;
			productRefGroup = 7B97582122C26E3E00C71334 /* Products */;
			projectDirPath = "";
			projectRoot = "";
			targets = (
				7B97581F22C26E3E00C71334 /* OliviaDViewfinder */,
			);
		};
/* End PBXProject section */

/* Begin PBXResourcesBuildPhase section */
		7B97581E22C26E3E00C71334 /* Resources */ = {
			isa = PBXResourcesBuildPhase;
			buildActionMask = 2147483647;
			files = (
				7B97583122C26E4000C71334 /* LaunchScreen.storyboard in Resources */,
				7B97582E22C26E4000C71334 /* Assets.xcassets in Resources */,
				7B97582922C26E3E00C71334 /* Main.storyboard in Resources */,
			);
			runOnlyForDeploymentPostprocessing = 0;
		};
/* End PBXResourcesBuildPhase section */

/* Begin PBXSourcesBuildPhase section */
		7B97581C22C26E3E00C71334 /* Sources */ = {
			isa = PBXSourcesBuildPhase;
			buildActionMask = 2147483647;
			files = (
				7B97582C22C26E3E00C71334 /* OliviaDViewfinder.xcdatamodeld in Sources */,
				7B97582422C26E3E00C71334 /* AppDelegate.swift in Sources */,
			);
			runOnlyForDeploymentPostprocessing = 0;
		};
/* End PBXSourcesBuildPhase section */

/* Begin PBXVariantGroup section */
		7B97582722C26E3E00C71334 /* Main.storyboard */ = {
			isa = PBXVariantGroup;
			children = (
				7B97582822C26E3E00C71334 /* Base */,
			);
			name = Main.storyboard;
			sourceTree = "<group>";
		};
		7B97582F22C26E4000C71334 /* LaunchScreen.storyboard */ = {
			isa = PBXVariantGroup;
			children = (
				7B97583022C26E4000C71334 /* Base */,
			);
			name = LaunchScreen.storyboard;
			sourceTree = "<group>";
		};
/* End PBXVariantGroup section */

/* Begin XCBuildConfiguration section */
		7B97583322C26E4000C71334 /* Debug */ = {
			isa = XCBuildConfiguration;
			buildSettings = {
				ALWAYS_SEARCH_USER_PATHS = NO;
				CLANG_ANALYZER_NONNULL = YES;
				CLANG_ANALYZER_NUMBER_OBJECT_CONVERSION = YES_AGGRESSIVE;
				CLANG_CXX_LANGUAGE_STANDARD = "gnu++14";
				CLANG_CXX_LIBRARY = "libc++";
				CLANG_ENABLE_MODULES = YES;
				CLANG_ENABLE_OBJC_ARC = YES;
				CLANG_ENABLE_OBJC_WEAK = YES;
				CLANG_WARN_BLOCK_CAPTURE_AUTORELEASING = YES;
				CLANG_WARN_BOOL_CONVERSION = YES;
				CLANG_WARN_COMMA = YES;
				CLANG_WARN_CONSTANT_CONVERSION = YES;
				CLANG_WARN_DEPRECATED_OBJC_IMPLEMENTATIONS = YES;
				CLANG_WARN_DIRECT_OBJC_ISA_USAGE = YES_ERROR;
				CLANG_WARN_DOCUMENTATION_COMMENTS = YES;
				CLANG_WARN_EMPTY_BODY = YES;
				CLANG_WARN_ENUM_CONVERSION = YES;
				CLANG_WARN_INFINITE_RECURSION = YES;
				CLANG_WARN_INT_CONVERSION = YES;
				CLANG_WARN_NON_LITERAL_NULL_CONVERSION = YES;
				CLANG_WARN_OBJC_IMPLICIT_RETAIN_SELF = YES;
				CLANG_WARN_OBJC_LITERAL_CONVERSION = YES;
				CLANG_WARN_OBJC_ROOT_CLASS = YES_ERROR;
				CLANG_WARN_RANGE_LOOP_ANALYSIS = YES;
				CLANG_WARN_STRICT_PROTOTYPES = YES;
				CLANG_WARN_SUSPICIOUS_MOVE = YES;
				CLANG_WARN_UNGUARDED_AVAILABILITY = YES_AGGRESSIVE;
				CLANG_WARN_UNREACHABLE_CODE = YES;
				CLANG_WARN__DUPLICATE_METHOD_MATCH = YES;
				CODE_SIGN_IDENTITY = "iPhone Developer";
				COPY_PHASE_STRIP = NO;
				DEBUG_INFORMATION_FORMAT = dwarf;
				ENABLE_STRICT_OBJC_MSGSEND = YES;
				ENABLE_TESTABILITY = YES;
				GCC_C_LANGUAGE_STANDARD = gnu11;
				GCC_DYNAMIC_NO_PIC = NO;
				GCC_NO_COMMON_BLOCKS = YES;
				GCC_OPTIMIZATION_LEVEL = 0;
				GCC_PREPROCESSOR_DEFINITIONS = (
					"DEBUG=1",
					"$(inherited)",
				);
				GCC_WARN_64_TO_32_BIT_CONVERSION = YES;
				GCC_WARN_ABOUT_RETURN_TYPE = YES_ERROR;
				GCC_WARN_UNDECLARED_SELECTOR = YES;
				GCC_WARN_UNINITIALIZED_AUTOS = YES_AGGRESSIVE;
				GCC_WARN_UNUSED_FUNCTION = YES;
				GCC_WARN_UNUSED_VARIABLE = YES;
				IPHONEOS_DEPLOYMENT_TARGET = 12.2;
				MTL_ENABLE_DEBUG_INFO = INCLUDE_SOURCE;
				MTL_FAST_MATH = YES;
				ONLY_ACTIVE_ARCH = YES;
				SDKROOT = iphoneos;
				SWIFT_ACTIVE_COMPILATION_CONDITIONS = DEBUG;
				SWIFT_OPTIMIZATION_LEVEL = "-Onone";
			};
			name = Debug;
		};
		7B97583422C26E4000C71334 /* Release */ = {
			isa = XCBuildConfiguration;
			buildSettings = {
				ALWAYS_SEARCH_USER_PATHS = NO;
				CLANG_ANALYZER_NONNULL = YES;
				CLANG_ANALYZER_NUMBER_OBJECT_CONVERSION = YES_AGGRESSIVE;
				CLANG_CXX_LANGUAGE_STANDARD = "gnu++14";
				CLANG_CXX_LIBRARY = "libc++";
				CLANG_ENABLE_MODULES = YES;
				CLANG_ENABLE_OBJC_ARC = YES;
				CLANG_ENABLE_OBJC_WEAK = YES;
				CLANG_WARN_BLOCK_CAPTURE_AUTORELEASING = YES;
				CLANG_WARN_BOOL_CONVERSION = YES;
				CLANG_WARN_COMMA = YES;
				CLANG_WARN_CONSTANT_CONVERSION = YES;
				CLANG_WARN_DEPRECATED_OBJC_IMPLEMENTATIONS = YES;
				CLANG_WARN_DIRECT_OBJC_ISA_USAGE = YES_ERROR;
				CLANG_WARN_DOCUMENTATION_COMMENTS = YES;
				CLANG_WARN_EMPTY_BODY = YES;
				CLANG_WARN_ENUM_CONVERSION = YES;
				CLANG_WARN_INFINITE_RECURSION = YES;
				CLANG_WARN_INT_CONVERSION = YES;
				CLANG_WARN_NON_LITERAL_NULL_CONVERSION = YES;
				CLANG_WARN_OBJC_IMPLICIT_RETAIN_SELF = YES;
				CLANG_WARN_OBJC_LITERAL_CONVERSION = YES;
				CLANG_WARN_OBJC_ROOT_CLASS = YES_ERROR;
				CLANG_WARN_RANGE_LOOP_ANALYSIS = YES;
				CLANG_WARN_STRICT_PROTOTYPES = YES;
				CLANG_WARN_SUSPICIOUS_MOVE = YES;
				CLANG_WARN_UNGUARDED_AVAILABILITY = YES_AGGRESSIVE;
				CLANG_WARN_UNREACHABLE_CODE = YES;
				CLANG_WARN__DUPLICATE_METHOD_MATCH = YES;
				CODE_SIGN_IDENTITY = "iPhone Developer";
				COPY_PHASE_STRIP = NO;
				DEBUG_INFORMATION_FORMAT = "dwarf-with-dsym";
				ENABLE_NS_ASSERTIONS = NO;
				ENABLE_STRICT_OBJC_MSGSEND = YES;
				GCC_C_LANGUAGE_STANDARD = gnu11;
				GCC_NO_COMMON_BLOCKS = YES;
				GCC_WARN_64_TO_32_BIT_CONVERSION = YES;
				GCC_WARN_ABOUT_RETURN_TYPE = YES_ERROR;
				GCC_WARN_UNDECLARED_SELECTOR = YES;
				GCC_WARN_UNINITIALIZED_AUTOS = YES_AGGRESSIVE;
				GCC_WARN_UNUSED_FUNCTION = YES;
				GCC_WARN_UNUSED_VARIABLE = YES;
				IPHONEOS_DEPLOYMENT_TARGET = 12.2;
				MTL_ENABLE_DEBUG_INFO = NO;
				MTL_FAST_MATH = YES;
				SDKROOT = iphoneos;
				SWIFT_COMPILATION_MODE = wholemodule;
				SWIFT_OPTIMIZATION_LEVEL = "-O";
				VALIDATE_PRODUCT = YES;
			};
			name = Release;
		};
		7B97583622C26E4000C71334 /* Debug */ = {
			isa = XCBuildConfiguration;
			buildSettings = {
				ASSETCATALOG_COMPILER_APPICON_NAME = AppIcon;
				CODE_SIGN_STYLE = Automatic;
				DEVELOPMENT_TEAM = C5LH8NHU93;
				INFOPLIST_FILE = OliviaDViewfinder/Info.plist;
				LD_RUNPATH_SEARCH_PATHS = (
					"$(inherited)",
					"@executable_path/Frameworks",
				);
				PRODUCT_BUNDLE_IDENTIFIER = com.myname.OliviaDViewfinder;
				PRODUCT_NAME = "$(TARGET_NAME)";
				SWIFT_VERSION = 5.0;
				TARGETED_DEVICE_FAMILY = "1,2";
			};
			name = Debug;
		};
		7B97583722C26E4000C71334 /* Release */ = {
			isa = XCBuildConfiguration;
			buildSettings = {
				ASSETCATALOG_COMPILER_APPICON_NAME = AppIcon;
				CODE_SIGN_STYLE = Automatic;
				DEVELOPMENT_TEAM = C5LH8NHU93;
				INFOPLIST_FILE = OliviaDViewfinder/Info.plist;
				LD_RUNPATH_SEARCH_PATHS = (
					"$(inherited)",
					"@executable_path/Frameworks",
				);
				PRODUCT_BUNDLE_IDENTIFIER = com.myname.OliviaDViewfinder;
				PRODUCT_NAME = "$(TARGET_NAME)";
				SWIFT_VERSION = 5.0;
				TARGETED_DEVICE_FAMILY = "1,2";
			};
			name = Release;
		};
/* End XCBuildConfiguration section */

/* Begin XCConfigurationList section */
		7B97581B22C26E3E00C71334 /* Build configuration list for PBXProject "OliviaDViewfinder" */ = {
			isa = XCConfigurationList;
			buildConfigurations = (
				7B97583322C26E4000C71334 /* Debug */,
				7B97583422C26E4000C71334 /* Release */,
			);
			defaultConfigurationIsVisible = 0;
			defaultConfigurationName = Release;
		};
		7B97583522C26E4000C71334 /* Build configuration list for PBXNativeTarget "OliviaDViewfinder" */ = {
			isa = XCConfigurationList;
			buildConfigurations = (
				7B97583622C26E4000C71334 /* Debug */,
				7B97583722C26E4000C71334 /* Release */,
			);
			defaultConfigurationIsVisible = 0;
			defaultConfigurationName = Release;
		};
/* End XCConfigurationList section */

/* Begin XCVersionGroup section */
		7B97582A22C26E3E00C71334 /* OliviaDViewfinder.xcdatamodeld */ = {
			isa = XCVersionGroup;
			children = (
				7B97582B22C26E3E00C71334 /* OliviaDViewfinder.xcdatamodel */,
			);
			currentVersion = 7B97582B22C26E3E00C71334 /* OliviaDViewfinder.xcdatamodel */;
			path = OliviaDViewfinder.xcdatamodeld;
			sourceTree = "<group>";
			versionGroupType = wrapper.xcdatamodel;
		};
/* End XCVersionGroup section */
	};
	rootObject = 7B97581822C26E3E00C71334 /* Project object */;
}
